// !$*UTF8*$!
{
	archiveVersion = 1;
	classes = {
	};
	objectVersion = 50;
	objects = {

/* Begin PBXBuildFile section */
		81CBABC920FDD7E000B5AAD0 /* AppDelegate.swift in Sources */ = {isa = PBXBuildFile; fileRef = 81CBABC820FDD7E000B5AAD0 /* AppDelegate.swift */; };
		81CBABCB20FDD7E000B5AAD0 /* ViewController.swift in Sources */ = {isa = PBXBuildFile; fileRef = 81CBABCA20FDD7E000B5AAD0 /* ViewController.swift */; };
		81CBABCE20FDD7E000B5AAD0 /* Main.storyboard in Resources */ = {isa = PBXBuildFile; fileRef = 81CBABCC20FDD7E000B5AAD0 /* Main.storyboard */; };
		81CBABD020FDD7E500B5AAD0 /* Assets.xcassets in Resources */ = {isa = PBXBuildFile; fileRef = 81CBABCF20FDD7E500B5AAD0 /* Assets.xcassets */; };
		81CBABD320FDD7E500B5AAD0 /* LaunchScreen.storyboard in Resources */ = {isa = PBXBuildFile; fileRef = 81CBABD120FDD7E500B5AAD0 /* LaunchScreen.storyboard */; };
/* End PBXBuildFile section */

/* Begin PBXFileReference section */
		81CBABC520FDD7E000B5AAD0 /* SteemShutter v3.0.app */ = {isa = PBXFileReference; explicitFileType = wrapper.application; includeInIndex = 0; path = "SteemShutter v3.0.app"; sourceTree = BUILT_PRODUCTS_DIR; };
		81CBABC820FDD7E000B5AAD0 /* AppDelegate.swift */ = {isa = PBXFileReference; lastKnownFileType = sourcecode.swift; path = AppDelegate.swift; sourceTree = "<group>"; };
		81CBABCA20FDD7E000B5AAD0 /* ViewController.swift */ = {isa = PBXFileReference; lastKnownFileType = sourcecode.swift; path = ViewController.swift; sourceTree = "<group>"; };
		81CBABCD20FDD7E000B5AAD0 /* Base */ = {isa = PBXFileReference; lastKnownFileType = file.storyboard; name = Base; path = Base.lproj/Main.storyboard; sourceTree = "<group>"; };
		81CBABCF20FDD7E500B5AAD0 /* Assets.xcassets */ = {isa = PBXFileReference; lastKnownFileType = folder.assetcatalog; path = Assets.xcassets; sourceTree = "<group>"; };
		81CBABD220FDD7E500B5AAD0 /* Base */ = {isa = PBXFileReference; lastKnownFileType = file.storyboard; name = Base; path = Base.lproj/LaunchScreen.storyboard; sourceTree = "<group>"; };
		81CBABD420FDD7E500B5AAD0 /* Info.plist */ = {isa = PBXFileReference; lastKnownFileType = text.plist.xml; path = Info.plist; sourceTree = "<group>"; };
/* End PBXFileReference section */

/* Begin PBXFrameworksBuildPhase section */
		81CBABC220FDD7E000B5AAD0 /* Frameworks */ = {
			isa = PBXFrameworksBuildPhase;
			buildActionMask = 2147483647;
			files = (
			);
			runOnlyForDeploymentPostprocessing = 0;
		};
/* End PBXFrameworksBuildPhase section */

/* Begin PBXGroup section */
		81CBABBC20FDD7DF00B5AAD0 = {
			isa = PBXGroup;
			children = (
				81CBABC720FDD7E000B5AAD0 /* SteemShutter v3.0 */,
				81CBABC620FDD7E000B5AAD0 /* Products */,
			);
			sourceTree = "<group>";
		};
		81CBABC620FDD7E000B5AAD0 /* Products */ = {
			isa = PBXGroup;
			children = (
				81CBABC520FDD7E000B5AAD0 /* SteemShutter v3.0.app */,
			);
			name = Products;
			sourceTree = "<group>";
		};
		81CBABC720FDD7E000B5AAD0 /* SteemShutter v3.0 */ = {
			isa = PBXGroup;
			children = (
				81CBABC820FDD7E000B5AAD0 /* AppDelegate.swift */,
				81CBABCA20FDD7E000B5AAD0 /* ViewController.swift */,
				81CBABCC20FDD7E000B5AAD0 /* Main.storyboard */,
				81CBABCF20FDD7E500B5AAD0 /* Assets.xcassets */,
				81CBABD120FDD7E500B5AAD0 /* LaunchScreen.storyboard */,
				81CBABD420FDD7E500B5AAD0 /* Info.plist */,
			);
			path = "SteemShutter v3.0";
			sourceTree = "<group>";
		};
/* End PBXGroup section */

/* Begin PBXNativeTarget section */
		81CBABC420FDD7E000B5AAD0 /* SteemShutter v3.0 */ = {
			isa = PBXNativeTarget;
			buildConfigurationList = 81CBABD720FDD7E500B5AAD0 /* Build configuration list for PBXNativeTarget "SteemShutter v3.0" */;
			buildPhases = (
				81CBABC120FDD7E000B5AAD0 /* Sources */,
				81CBABC220FDD7E000B5AAD0 /* Frameworks */,
				81CBABC320FDD7E000B5AAD0 /* Resources */,
			);
			buildRules = (
			);
			dependencies = (
			);
			name = "SteemShutter v3.0";
			productName = "SteemShutter v3.0";
			productReference = 81CBABC520FDD7E000B5AAD0 /* SteemShutter v3.0.app */;
			productType = "com.apple.product-type.application";
		};
/* End PBXNativeTarget section */

/* Begin PBXProject section */
		81CBABBD20FDD7DF00B5AAD0 /* Project object */ = {
			isa = PBXProject;
			attributes = {
				LastSwiftUpdateCheck = 0940;
				LastUpgradeCheck = 0940;
				ORGANIZATIONNAME = dumar022;
				TargetAttributes = {
					81CBABC420FDD7E000B5AAD0 = {
						CreatedOnToolsVersion = 9.4.1;
					};
				};
			};
			buildConfigurationList = 81CBABC020FDD7E000B5AAD0 /* Build configuration list for PBXProject "SteemShutter v3.0" */;
			compatibilityVersion = "Xcode 9.3";
			developmentRegion = en;
			hasScannedForEncodings = 0;
			knownRegions = (
				en,
				Base,
			);
			mainGroup = 81CBABBC20FDD7DF00B5AAD0;
			productRefGroup = 81CBABC620FDD7E000B5AAD0 /* Products */;
			projectDirPath = "";
			projectRoot = "";
			targets = (
				81CBABC420FDD7E000B5AAD0 /* SteemShutter v3.0 */,
			);
		};
/* End PBXProject section */

/* Begin PBXResourcesBuildPhase section */
		81CBABC320FDD7E000B5AAD0 /* Resources */ = {
			isa = PBXResourcesBuildPhase;
			buildActionMask = 2147483647;
			files = (
				81CBABD320FDD7E500B5AAD0 /* LaunchScreen.storyboard in Resources */,
				81CBABD020FDD7E500B5AAD0 /* Assets.xcassets in Resources */,
				81CBABCE20FDD7E000B5AAD0 /* Main.storyboard in Resources */,
			);
			runOnlyForDeploymentPostprocessing = 0;
		};
/* End PBXResourcesBuildPhase section */

/* Begin PBXSourcesBuildPhase section */
		81CBABC120FDD7E000B5AAD0 /* Sources */ = {
			isa = PBXSourcesBuildPhase;
			buildActionMask = 2147483647;
			files = (
				81CBABCB20FDD7E000B5AAD0 /* ViewController.swift in Sources */,
				81CBABC920FDD7E000B5AAD0 /* AppDelegate.swift in Sources */,
			);
			runOnlyForDeploymentPostprocessing = 0;
		};
/* End PBXSourcesBuildPhase section */

/* Begin PBXVariantGroup section */
		81CBABCC20FDD7E000B5AAD0 /* Main.storyboard */ = {
			isa = PBXVariantGroup;
			children = (
				81CBABCD20FDD7E000B5AAD0 /* Base */,
			);
			name = Main.storyboard;
			sourceTree = "<group>";
		};
		81CBABD120FDD7E500B5AAD0 /* LaunchScreen.storyboard */ = {
			isa = PBXVariantGroup;
			children = (
				81CBABD220FDD7E500B5AAD0 /* Base */,
			);
			name = LaunchScreen.storyboard;
			sourceTree = "<group>";
		};
/* End PBXVariantGroup section */

/* Begin XCBuildConfiguration section */
		81CBABD520FDD7E500B5AAD0 /* Debug */ = {
			isa = XCBuildConfiguration;
			buildSettings = {
				ALWAYS_SEARCH_USER_PATHS = NO;
				CLANG_ANALYZER_NONNULL = YES;
				CLANG_ANALYZER_NUMBER_OBJECT_CONVERSION = YES_AGGRESSIVE;
				CLANG_CXX_LANGUAGE_STANDARD = "gnu++14";
				CLANG_CXX_LIBRARY = "libc++";
				CLANG_ENABLE_MODULES = YES;
				CLANG_ENABLE_OBJC_ARC = YES;
				CLANG_ENABLE_OBJC_WEAK = YES;
				CLANG_WARN_BLOCK_CAPTURE_AUTORELEASING = YES;
				CLANG_WARN_BOOL_CONVERSION = YES;
				CLANG_WARN_COMMA = YES;
				CLANG_WARN_CONSTANT_CONVERSION = YES;
				CLANG_WARN_DEPRECATED_OBJC_IMPLEMENTATIONS = YES;
				CLANG_WARN_DIRECT_OBJC_ISA_USAGE = YES_ERROR;
				CLANG_WARN_DOCUMENTATION_COMMENTS = YES;
				CLANG_WARN_EMPTY_BODY = YES;
				CLANG_WARN_ENUM_CONVERSION = YES;
				CLANG_WARN_INFINITE_RECURSION = YES;
				CLANG_WARN_INT_CONVERSION = YES;
				CLANG_WARN_NON_LITERAL_NULL_CONVERSION = YES;
				CLANG_WARN_OBJC_IMPLICIT_RETAIN_SELF = YES;
				CLANG_WARN_OBJC_LITERAL_CONVERSION = YES;
				CLANG_WARN_OBJC_ROOT_CLASS = YES_ERROR;
				CLANG_WARN_RANGE_LOOP_ANALYSIS = YES;
				CLANG_WARN_STRICT_PROTOTYPES = YES;
				CLANG_WARN_SUSPICIOUS_MOVE = YES;
				CLANG_WARN_UNGUARDED_AVAILABILITY = YES_AGGRESSIVE;
				CLANG_WARN_UNREACHABLE_CODE = YES;
				CLANG_WARN__DUPLICATE_METHOD_MATCH = YES;
				CODE_SIGN_IDENTITY = "iPhone Developer";
				COPY_PHASE_STRIP = NO;
				DEBUG_INFORMATION_FORMAT = dwarf;
				ENABLE_STRICT_OBJC_MSGSEND = YES;
				ENABLE_TESTABILITY = YES;
				GCC_C_LANGUAGE_STANDARD = gnu11;
				GCC_DYNAMIC_NO_PIC = NO;
				GCC_NO_COMMON_BLOCKS = YES;
				GCC_OPTIMIZATION_LEVEL = 0;
				GCC_PREPROCESSOR_DEFINITIONS = (
					"DEBUG=1",
					"$(inherited)",
				);
				GCC_WARN_64_TO_32_BIT_CONVERSION = YES;
				GCC_WARN_ABOUT_RETURN_TYPE = YES_ERROR;
				GCC_WARN_UNDECLARED_SELECTOR = YES;
				GCC_WARN_UNINITIALIZED_AUTOS = YES_AGGRESSIVE;
				GCC_WARN_UNUSED_FUNCTION = YES;
				GCC_WARN_UNUSED_VARIABLE = YES;
				IPHONEOS_DEPLOYMENT_TARGET = 11.4;
				MTL_ENABLE_DEBUG_INFO = YES;
				ONLY_ACTIVE_ARCH = YES;
				SDKROOT = iphoneos;
				SWIFT_ACTIVE_COMPILATION_CONDITIONS = DEBUG;
				SWIFT_OPTIMIZATION_LEVEL = "-Onone";
			};
			name = Debug;
		};
		81CBABD620FDD7E500B5AAD0 /* Release */ = {
			isa = XCBuildConfiguration;
			buildSettings = {
				ALWAYS_SEARCH_USER_PATHS = NO;
				CLANG_ANALYZER_NONNULL = YES;
				CLANG_ANALYZER_NUMBER_OBJECT_CONVERSION = YES_AGGRESSIVE;
				CLANG_CXX_LANGUAGE_STANDARD = "gnu++14";
				CLANG_CXX_LIBRARY = "libc++";
				CLANG_ENABLE_MODULES = YES;
				CLANG_ENABLE_OBJC_ARC = YES;
				CLANG_ENABLE_OBJC_WEAK = YES;
				CLANG_WARN_BLOCK_CAPTURE_AUTORELEASING = YES;
				CLANG_WARN_BOOL_CONVERSION = YES;
				CLANG_WARN_COMMA = YES;
				CLANG_WARN_CONSTANT_CONVERSION = YES;
				CLANG_WARN_DEPRECATED_OBJC_IMPLEMENTATIONS = YES;
				CLANG_WARN_DIRECT_OBJC_ISA_USAGE = YES_ERROR;
				CLANG_WARN_DOCUMENTATION_COMMENTS = YES;
				CLANG_WARN_EMPTY_BODY = YES;
				CLANG_WARN_ENUM_CONVERSION = YES;
				CLANG_WARN_INFINITE_RECURSION = YES;
				CLANG_WARN_INT_CONVERSION = YES;
				CLANG_WARN_NON_LITERAL_NULL_CONVERSION = YES;
				CLANG_WARN_OBJC_IMPLICIT_RETAIN_SELF = YES;
				CLANG_WARN_OBJC_LITERAL_CONVERSION = YES;
				CLANG_WARN_OBJC_ROOT_CLASS = YES_ERROR;
				CLANG_WARN_RANGE_LOOP_ANALYSIS = YES;
				CLANG_WARN_STRICT_PROTOTYPES = YES;
				CLANG_WARN_SUSPICIOUS_MOVE = YES;
				CLANG_WARN_UNGUARDED_AVAILABILITY = YES_AGGRESSIVE;
				CLANG_WARN_UNREACHABLE_CODE = YES;
				CLANG_WARN__DUPLICATE_METHOD_MATCH = YES;
				CODE_SIGN_IDENTITY = "iPhone Developer";
				COPY_PHASE_STRIP = NO;
				DEBUG_INFORMATION_FORMAT = "dwarf-with-dsym";
				ENABLE_NS_ASSERTIONS = NO;
				ENABLE_STRICT_OBJC_MSGSEND = YES;
				GCC_C_LANGUAGE_STANDARD = gnu11;
				GCC_NO_COMMON_BLOCKS = YES;
				GCC_WARN_64_TO_32_BIT_CONVERSION = YES;
				GCC_WARN_ABOUT_RETURN_TYPE = YES_ERROR;
				GCC_WARN_UNDECLARED_SELECTOR = YES;
				GCC_WARN_UNINITIALIZED_AUTOS = YES_AGGRESSIVE;
				GCC_WARN_UNUSED_FUNCTION = YES;
				GCC_WARN_UNUSED_VARIABLE = YES;
				IPHONEOS_DEPLOYMENT_TARGET = 11.4;
				MTL_ENABLE_DEBUG_INFO = NO;
				SDKROOT = iphoneos;
				SWIFT_COMPILATION_MODE = wholemodule;
				SWIFT_OPTIMIZATION_LEVEL = "-O";
				VALIDATE_PRODUCT = YES;
			};
			name = Release;
		};
		81CBABD820FDD7E500B5AAD0 /* Debug */ = {
			isa = XCBuildConfiguration;
			buildSettings = {
				ASSETCATALOG_COMPILER_APPICON_NAME = AppIcon;
				CODE_SIGN_STYLE = Automatic;
				DEVELOPMENT_TEAM = JC7UGY5QLV;
				INFOPLIST_FILE = "SteemShutter v3.0/Info.plist";
				LD_RUNPATH_SEARCH_PATHS = (
					"$(inherited)",
					"@executable_path/Frameworks",
				);
				PRODUCT_BUNDLE_IDENTIFIER = "dumar022.SteemShutter-v3-0";
				PRODUCT_NAME = "$(TARGET_NAME)";
				SWIFT_VERSION = 4.0;
				TARGETED_DEVICE_FAMILY = "1,2";
			};
			name = Debug;
		};
		81CBABD920FDD7E500B5AAD0 /* Release */ = {
			isa = XCBuildConfiguration;
			buildSettings = {
				ASSETCATALOG_COMPILER_APPICON_NAME = AppIcon;
				CODE_SIGN_STYLE = Automatic;
				DEVELOPMENT_TEAM = JC7UGY5QLV;
				INFOPLIST_FILE = "SteemShutter v3.0/Info.plist";
				LD_RUNPATH_SEARCH_PATHS = (
					"$(inherited)",
					"@executable_path/Frameworks",
				);
				PRODUCT_BUNDLE_IDENTIFIER = "dumar022.SteemShutter-v3-0";
				PRODUCT_NAME = "$(TARGET_NAME)";
				SWIFT_VERSION = 4.0;
				TARGETED_DEVICE_FAMILY = "1,2";
			};
			name = Release;
		};
/* End XCBuildConfiguration section */

/* Begin XCConfigurationList section */
		81CBABC020FDD7E000B5AAD0 /* Build configuration list for PBXProject "SteemShutter v3.0" */ = {
			isa = XCConfigurationList;
			buildConfigurations = (
				81CBABD520FDD7E500B5AAD0 /* Debug */,
				81CBABD620FDD7E500B5AAD0 /* Release */,
			);
			defaultConfigurationIsVisible = 0;
			defaultConfigurationName = Release;
		};
		81CBABD720FDD7E500B5AAD0 /* Build configuration list for PBXNativeTarget "SteemShutter v3.0" */ = {
			isa = XCConfigurationList;
			buildConfigurations = (
				81CBABD820FDD7E500B5AAD0 /* Debug */,
				81CBABD920FDD7E500B5AAD0 /* Release */,
			);
			defaultConfigurationIsVisible = 0;
			defaultConfigurationName = Release;
		};
/* End XCConfigurationList section */
	};
	rootObject = 81CBABBD20FDD7DF00B5AAD0 /* Project object */;
}
